
Microsoft Visual Studio Solution File, Format Version 12.00
# Visual Studio Version 17
VisualStudioVersion = 17.5.002.0
MinimumVisualStudioVersion = 10.0.40219.1
Project("{9A19103F-16F7-4668-BE54-9A1E7A4F7556}") = "Sandbox", "week7Inheritance\Sandbox.csproj", "{6E368AEC-AEDA-4BEB-AC8B-99FACD3B66A6}"
EndProject
Project("{2150E333-8FDC-42A3-9474-1A3956D46DE8}") = "csharp-prep", "csharp-prep", "{3EE3196B-4B41-4F90-AB7A-80A93ECE43E7}"
EndProject
Project("{9A19103F-16F7-4668-BE54-9A1E7A4F7556}") = "Prep1", "csharp-prep\Prep1\Prep1.csproj", "{16AFA36F-66E1-4571-841A-C0EE56CF42E2}"
EndProject
Project("{9A19103F-16F7-4668-BE54-9A1E7A4F7556}") = "Prep2", "csharp-prep\Prep2\Prep2.csproj", "{6A277C8D-DDCE-4444-B94E-092A76E314A6}"
EndProject
Project("{9A19103F-16F7-4668-BE54-9A1E7A4F7556}") = "Prep3", "csharp-prep\Prep3\Prep3.csproj", "{31102F54-C2C2-4015-8D82-B6B1F79FE2DC}"
EndProject
Project("{9A19103F-16F7-4668-BE54-9A1E7A4F7556}") = "Prep4", "csharp-prep\Prep4\Prep4.csproj", "{0EAD480B-C553-4D9F-B206-113BB0A3D8E4}"
EndProject
Project("{9A19103F-16F7-4668-BE54-9A1E7A4F7556}") = "Prep5", "csharp-prep\Prep5\Prep5.csproj", "{C8CFF8B9-38BC-4DBC-B5C8-FBB55690AA18}"
EndProject
Project("{2150E333-8FDC-42A3-9474-1A3956D46DE8}") = "final", "final", "{A41B7CA9-9717-4066-AB26-C9148D5AD496}"
EndProject
Project("{9A19103F-16F7-4668-BE54-9A1E7A4F7556}") = "FinalProject", "final\FinalProject\FinalProject.csproj", "{269B29A6-F15F-44A5-A994-3D3CDD7BC08B}"
EndProject
Project("{9A19103F-16F7-4668-BE54-9A1E7A4F7556}") = "Foundation1", "final\Foundation1\Foundation1.csproj", "{897C6467-0FCF-428D-8AAD-47E025DEF01E}"
EndProject
Project("{9A19103F-16F7-4668-BE54-9A1E7A4F7556}") = "Foundation2", "final\Foundation2\Foundation2.csproj", "{9BF2B491-6F1C-40F5-90CA-FA9CC939427F}"
EndProject
Project("{9A19103F-16F7-4668-BE54-9A1E7A4F7556}") = "Foundation3", "final\Foundation3\Foundation3.csproj", "{CCAEF39A-558E-4A2F-8174-27983A51A630}"
EndProject
Project("{9A19103F-16F7-4668-BE54-9A1E7A4F7556}") = "Foundation4", "final\Foundation4\Foundation4.csproj", "{5E5F2AB9-A495-4E72-ABDB-5A4CFC969C2E}"
EndProject
Project("{2150E333-8FDC-42A3-9474-1A3956D46DE8}") = "prepare", "prepare", "{1A8EFCEB-3397-47D5-B0C2-0AE0CECE9DD1}"
EndProject
Project("{9A19103F-16F7-4668-BE54-9A1E7A4F7556}") = "Learning02", "prepare\Learning02\Learning02.csproj", "{EB41B914-822C-46C8-A7F6-70DF784AFBEA}"
EndProject
Project("{9A19103F-16F7-4668-BE54-9A1E7A4F7556}") = "Learning03", "prepare\Learning03\Learning03.csproj", "{39F652D9-1134-4D03-AC61-84E12D54D177}"
EndProject
Project("{9A19103F-16F7-4668-BE54-9A1E7A4F7556}") = "Learning04", "prepare\Learning04\Learning04.csproj", "{603743C7-6153-4A01-B465-8A5DBF8EACEC}"
EndProject
Project("{9A19103F-16F7-4668-BE54-9A1E7A4F7556}") = "Learning05", "prepare\Learning05\Learning05.csproj", "{DBD703D8-2474-4F22-AAC6-62629F0D7385}"
EndProject
Project("{2150E333-8FDC-42A3-9474-1A3956D46DE8}") = "prove", "prove", "{0335C45E-F9E7-4218-B405-AE36877F5D1E}"
EndProject
Project("{9A19103F-16F7-4668-BE54-9A1E7A4F7556}") = "Develop02", "prove\Develop02\Develop02.csproj", "{005A93D4-61A2-4763-84F1-F610BCECD6C3}"
EndProject
Project("{9A19103F-16F7-4668-BE54-9A1E7A4F7556}") = "Develop03", "prove\Develop03\Develop03.csproj", "{B9976CFB-7448-42CE-BE74-A2E8623EF303}"
EndProject
Project("{9A19103F-16F7-4668-BE54-9A1E7A4F7556}") = "Develop04", "prove\Develop04\Develop04.csproj", "{E1FD549E-D6EE-4DB3-9F7A-FF217556C0DD}"
EndProject
Project("{9A19103F-16F7-4668-BE54-9A1E7A4F7556}") = "Develop05", "prove\Develop05\Develop05.csproj", "{4AC8378E-DD74-47EF-95E3-DBBCBBD1AEE0}"
EndProject
Project("{2150E333-8FDC-42A3-9474-1A3956D46DE8}") = "sandbox", "sandbox", "{FA5D7221-4892-4212-850F-86D8D46272C0}"
EndProject
Project("{9A19103F-16F7-4668-BE54-9A1E7A4F7556}") = "Sandbox", "sandbox\Sandbox\Sandbox.csproj", "{FA4135F6-2C22-4ABC-A30A-CA98A3A8BB43}"
EndProject
Global
	GlobalSection(SolutionConfigurationPlatforms) = preSolution
		Debug|Any CPU = Debug|Any CPU
		Release|Any CPU = Release|Any CPU
	EndGlobalSection
	GlobalSection(ProjectConfigurationPlatforms) = postSolution
		{6E368AEC-AEDA-4BEB-AC8B-99FACD3B66A6}.Debug|Any CPU.ActiveCfg = Debug|Any CPU
		{6E368AEC-AEDA-4BEB-AC8B-99FACD3B66A6}.Debug|Any CPU.Build.0 = Debug|Any CPU
		{6E368AEC-AEDA-4BEB-AC8B-99FACD3B66A6}.Release|Any CPU.ActiveCfg = Release|Any CPU
		{6E368AEC-AEDA-4BEB-AC8B-99FACD3B66A6}.Release|Any CPU.Build.0 = Release|Any CPU
		{16AFA36F-66E1-4571-841A-C0EE56CF42E2}.Debug|Any CPU.ActiveCfg = Debug|Any CPU
		{16AFA36F-66E1-4571-841A-C0EE56CF42E2}.Debug|Any CPU.Build.0 = Debug|Any CPU
		{16AFA36F-66E1-4571-841A-C0EE56CF42E2}.Release|Any CPU.ActiveCfg = Release|Any CPU
		{16AFA36F-66E1-4571-841A-C0EE56CF42E2}.Release|Any CPU.Build.0 = Release|Any CPU
		{6A277C8D-DDCE-4444-B94E-092A76E314A6}.Debug|Any CPU.ActiveCfg = Debug|Any CPU
		{6A277C8D-DDCE-4444-B94E-092A76E314A6}.Debug|Any CPU.Build.0 = Debug|Any CPU
		{6A277C8D-DDCE-4444-B94E-092A76E314A6}.Release|Any CPU.ActiveCfg = Release|Any CPU
		{6A277C8D-DDCE-4444-B94E-092A76E314A6}.Release|Any CPU.Build.0 = Release|Any CPU
		{31102F54-C2C2-4015-8D82-B6B1F79FE2DC}.Debug|Any CPU.ActiveCfg = Debug|Any CPU
		{31102F54-C2C2-4015-8D82-B6B1F79FE2DC}.Debug|Any CPU.Build.0 = Debug|Any CPU
		{31102F54-C2C2-4015-8D82-B6B1F79FE2DC}.Release|Any CPU.ActiveCfg = Release|Any CPU
		{31102F54-C2C2-4015-8D82-B6B1F79FE2DC}.Release|Any CPU.Build.0 = Release|Any CPU
		{0EAD480B-C553-4D9F-B206-113BB0A3D8E4}.Debug|Any CPU.ActiveCfg = Debug|Any CPU
		{0EAD480B-C553-4D9F-B206-113BB0A3D8E4}.Debug|Any CPU.Build.0 = Debug|Any CPU
		{0EAD480B-C553-4D9F-B206-113BB0A3D8E4}.Release|Any CPU.ActiveCfg = Release|Any CPU
		{0EAD480B-C553-4D9F-B206-113BB0A3D8E4}.Release|Any CPU.Build.0 = Release|Any CPU
		{C8CFF8B9-38BC-4DBC-B5C8-FBB55690AA18}.Debug|Any CPU.ActiveCfg = Debug|Any CPU
		{C8CFF8B9-38BC-4DBC-B5C8-FBB55690AA18}.Debug|Any CPU.Build.0 = Debug|Any CPU
		{C8CFF8B9-38BC-4DBC-B5C8-FBB55690AA18}.Release|Any CPU.ActiveCfg = Release|Any CPU
		{C8CFF8B9-38BC-4DBC-B5C8-FBB55690AA18}.Release|Any CPU.Build.0 = Release|Any CPU
		{269B29A6-F15F-44A5-A994-3D3CDD7BC08B}.Debug|Any CPU.ActiveCfg = Debug|Any CPU
		{269B29A6-F15F-44A5-A994-3D3CDD7BC08B}.Debug|Any CPU.Build.0 = Debug|Any CPU
		{269B29A6-F15F-44A5-A994-3D3CDD7BC08B}.Release|Any CPU.ActiveCfg = Release|Any CPU
		{269B29A6-F15F-44A5-A994-3D3CDD7BC08B}.Release|Any CPU.Build.0 = Release|Any CPU
		{897C6467-0FCF-428D-8AAD-47E025DEF01E}.Debug|Any CPU.ActiveCfg = Debug|Any CPU
		{897C6467-0FCF-428D-8AAD-47E025DEF01E}.Debug|Any CPU.Build.0 = Debug|Any CPU
		{897C6467-0FCF-428D-8AAD-47E025DEF01E}.Release|Any CPU.ActiveCfg = Release|Any CPU
		{897C6467-0FCF-428D-8AAD-47E025DEF01E}.Release|Any CPU.Build.0 = Release|Any CPU
		{9BF2B491-6F1C-40F5-90CA-FA9CC939427F}.Debug|Any CPU.ActiveCfg = Debug|Any CPU
		{9BF2B491-6F1C-40F5-90CA-FA9CC939427F}.Debug|Any CPU.Build.0 = Debug|Any CPU
		{9BF2B491-6F1C-40F5-90CA-FA9CC939427F}.Release|Any CPU.ActiveCfg = Release|Any CPU
		{9BF2B491-6F1C-40F5-90CA-FA9CC939427F}.Release|Any CPU.Build.0 = Release|Any CPU
		{CCAEF39A-558E-4A2F-8174-27983A51A630}.Debug|Any CPU.ActiveCfg = Debug|Any CPU
		{CCAEF39A-558E-4A2F-8174-27983A51A630}.Debug|Any CPU.Build.0 = Debug|Any CPU
		{CCAEF39A-558E-4A2F-8174-27983A51A630}.Release|Any CPU.ActiveCfg = Release|Any CPU
		{CCAEF39A-558E-4A2F-8174-27983A51A630}.Release|Any CPU.Build.0 = Release|Any CPU
		{5E5F2AB9-A495-4E72-ABDB-5A4CFC969C2E}.Debug|Any CPU.ActiveCfg = Debug|Any CPU
		{5E5F2AB9-A495-4E72-ABDB-5A4CFC969C2E}.Debug|Any CPU.Build.0 = Debug|Any CPU
		{5E5F2AB9-A495-4E72-ABDB-5A4CFC969C2E}.Release|Any CPU.ActiveCfg = Release|Any CPU
		{5E5F2AB9-A495-4E72-ABDB-5A4CFC969C2E}.Release|Any CPU.Build.0 = Release|Any CPU
		{EB41B914-822C-46C8-A7F6-70DF784AFBEA}.Debug|Any CPU.ActiveCfg = Debug|Any CPU
		{EB41B914-822C-46C8-A7F6-70DF784AFBEA}.Debug|Any CPU.Build.0 = Debug|Any CPU
		{EB41B914-822C-46C8-A7F6-70DF784AFBEA}.Release|Any CPU.ActiveCfg = Release|Any CPU
		{EB41B914-822C-46C8-A7F6-70DF784AFBEA}.Release|Any CPU.Build.0 = Release|Any CPU
		{39F652D9-1134-4D03-AC61-84E12D54D177}.Debug|Any CPU.ActiveCfg = Debug|Any CPU
		{39F652D9-1134-4D03-AC61-84E12D54D177}.Debug|Any CPU.Build.0 = Debug|Any CPU
		{39F652D9-1134-4D03-AC61-84E12D54D177}.Release|Any CPU.ActiveCfg = Release|Any CPU
		{39F652D9-1134-4D03-AC61-84E12D54D177}.Release|Any CPU.Build.0 = Release|Any CPU
		{603743C7-6153-4A01-B465-8A5DBF8EACEC}.Debug|Any CPU.ActiveCfg = Debug|Any CPU
		{603743C7-6153-4A01-B465-8A5DBF8EACEC}.Debug|Any CPU.Build.0 = Debug|Any CPU
		{603743C7-6153-4A01-B465-8A5DBF8EACEC}.Release|Any CPU.ActiveCfg = Release|Any CPU
		{603743C7-6153-4A01-B465-8A5DBF8EACEC}.Release|Any CPU.Build.0 = Release|Any CPU
		{DBD703D8-2474-4F22-AAC6-62629F0D7385}.Debug|Any CPU.ActiveCfg = Debug|Any CPU
		{DBD703D8-2474-4F22-AAC6-62629F0D7385}.Debug|Any CPU.Build.0 = Debug|Any CPU
		{DBD703D8-2474-4F22-AAC6-62629F0D7385}.Release|Any CPU.ActiveCfg = Release|Any CPU
		{DBD703D8-2474-4F22-AAC6-62629F0D7385}.Release|Any CPU.Build.0 = Release|Any CPU
		{005A93D4-61A2-4763-84F1-F610BCECD6C3}.Debug|Any CPU.ActiveCfg = Debug|Any CPU
		{005A93D4-61A2-4763-84F1-F610BCECD6C3}.Debug|Any CPU.Build.0 = Debug|Any CPU
		{005A93D4-61A2-4763-84F1-F610BCECD6C3}.Release|Any CPU.ActiveCfg = Release|Any CPU
		{005A93D4-61A2-4763-84F1-F610BCECD6C3}.Release|Any CPU.Build.0 = Release|Any CPU
		{B9976CFB-7448-42CE-BE74-A2E8623EF303}.Debug|Any CPU.ActiveCfg = Debug|Any CPU
		{B9976CFB-7448-42CE-BE74-A2E8623EF303}.Debug|Any CPU.Build.0 = Debug|Any CPU
		{B9976CFB-7448-42CE-BE74-A2E8623EF303}.Release|Any CPU.ActiveCfg = Release|Any CPU
		{B9976CFB-7448-42CE-BE74-A2E8623EF303}.Release|Any CPU.Build.0 = Release|Any CPU
		{E1FD549E-D6EE-4DB3-9F7A-FF217556C0DD}.Debug|Any CPU.ActiveCfg = Debug|Any CPU
		{E1FD549E-D6EE-4DB3-9F7A-FF217556C0DD}.Debug|Any CPU.Build.0 = Debug|Any CPU
		{E1FD549E-D6EE-4DB3-9F7A-FF217556C0DD}.Release|Any CPU.ActiveCfg = Release|Any CPU
		{E1FD549E-D6EE-4DB3-9F7A-FF217556C0DD}.Release|Any CPU.Build.0 = Release|Any CPU
		{4AC8378E-DD74-47EF-95E3-DBBCBBD1AEE0}.Debug|Any CPU.ActiveCfg = Debug|Any CPU
		{4AC8378E-DD74-47EF-95E3-DBBCBBD1AEE0}.Debug|Any CPU.Build.0 = Debug|Any CPU
		{4AC8378E-DD74-47EF-95E3-DBBCBBD1AEE0}.Release|Any CPU.ActiveCfg = Release|Any CPU
		{4AC8378E-DD74-47EF-95E3-DBBCBBD1AEE0}.Release|Any CPU.Build.0 = Release|Any CPU
		{FA4135F6-2C22-4ABC-A30A-CA98A3A8BB43}.Debug|Any CPU.ActiveCfg = Debug|Any CPU
		{FA4135F6-2C22-4ABC-A30A-CA98A3A8BB43}.Debug|Any CPU.Build.0 = Debug|Any CPU
		{FA4135F6-2C22-4ABC-A30A-CA98A3A8BB43}.Release|Any CPU.ActiveCfg = Release|Any CPU
		{FA4135F6-2C22-4ABC-A30A-CA98A3A8BB43}.Release|Any CPU.Build.0 = Release|Any CPU
	EndGlobalSection
	GlobalSection(SolutionProperties) = preSolution
		HideSolutionNode = FALSE
	EndGlobalSection
	GlobalSection(NestedProjects) = preSolution
		{16AFA36F-66E1-4571-841A-C0EE56CF42E2} = {3EE3196B-4B41-4F90-AB7A-80A93ECE43E7}
		{6A277C8D-DDCE-4444-B94E-092A76E314A6} = {3EE3196B-4B41-4F90-AB7A-80A93ECE43E7}
		{31102F54-C2C2-4015-8D82-B6B1F79FE2DC} = {3EE3196B-4B41-4F90-AB7A-80A93ECE43E7}
		{0EAD480B-C553-4D9F-B206-113BB0A3D8E4} = {3EE3196B-4B41-4F90-AB7A-80A93ECE43E7}
		{C8CFF8B9-38BC-4DBC-B5C8-FBB55690AA18} = {3EE3196B-4B41-4F90-AB7A-80A93ECE43E7}
		{269B29A6-F15F-44A5-A994-3D3CDD7BC08B} = {A41B7CA9-9717-4066-AB26-C9148D5AD496}
		{897C6467-0FCF-428D-8AAD-47E025DEF01E} = {A41B7CA9-9717-4066-AB26-C9148D5AD496}
		{9BF2B491-6F1C-40F5-90CA-FA9CC939427F} = {A41B7CA9-9717-4066-AB26-C9148D5AD496}
		{CCAEF39A-558E-4A2F-8174-27983A51A630} = {A41B7CA9-9717-4066-AB26-C9148D5AD496}
		{5E5F2AB9-A495-4E72-ABDB-5A4CFC969C2E} = {A41B7CA9-9717-4066-AB26-C9148D5AD496}
		{EB41B914-822C-46C8-A7F6-70DF784AFBEA} = {1A8EFCEB-3397-47D5-B0C2-0AE0CECE9DD1}
		{39F652D9-1134-4D03-AC61-84E12D54D177} = {1A8EFCEB-3397-47D5-B0C2-0AE0CECE9DD1}
		{603743C7-6153-4A01-B465-8A5DBF8EACEC} = {1A8EFCEB-3397-47D5-B0C2-0AE0CECE9DD1}
		{DBD703D8-2474-4F22-AAC6-62629F0D7385} = {1A8EFCEB-3397-47D5-B0C2-0AE0CECE9DD1}
		{005A93D4-61A2-4763-84F1-F610BCECD6C3} = {0335C45E-F9E7-4218-B405-AE36877F5D1E}
		{B9976CFB-7448-42CE-BE74-A2E8623EF303} = {0335C45E-F9E7-4218-B405-AE36877F5D1E}
		{E1FD549E-D6EE-4DB3-9F7A-FF217556C0DD} = {0335C45E-F9E7-4218-B405-AE36877F5D1E}
		{4AC8378E-DD74-47EF-95E3-DBBCBBD1AEE0} = {0335C45E-F9E7-4218-B405-AE36877F5D1E}
		{FA4135F6-2C22-4ABC-A30A-CA98A3A8BB43} = {FA5D7221-4892-4212-850F-86D8D46272C0}
	EndGlobalSection
	GlobalSection(ExtensibilityGlobals) = postSolution
		SolutionGuid = {9959CEEB-F2CE-4AE5-A8F5-CC471C9A3AC0}
	EndGlobalSection
EndGlobal
