
Microsoft Visual Studio Solution File, Format Version 12.00
# Visual Studio Version 17
VisualStudioVersion = 17.5.002.0
MinimumVisualStudioVersion = 10.0.40219.1
Project("{9A19103F-16F7-4668-BE54-9A1E7A4F7556}") = "Sandbox", "week7Inheritance\Sandbox.csproj", "{B22A5825-179B-40C4-9C7D-4B357212F801}"
EndProject
Project("{2150E333-8FDC-42A3-9474-1A3956D46DE8}") = "csharp-prep", "csharp-prep", "{E71D2A3B-6FA6-4DF2-9AA5-26A0B7A9EA06}"
EndProject
Project("{9A19103F-16F7-4668-BE54-9A1E7A4F7556}") = "Prep1", "csharp-prep\Prep1\Prep1.csproj", "{27055F23-792E-4387-A857-CFA953274262}"
EndProject
Project("{9A19103F-16F7-4668-BE54-9A1E7A4F7556}") = "Prep2", "csharp-prep\Prep2\Prep2.csproj", "{8D44A277-8878-48D2-B13B-ACA7E38E4425}"
EndProject
Project("{9A19103F-16F7-4668-BE54-9A1E7A4F7556}") = "Prep3", "csharp-prep\Prep3\Prep3.csproj", "{5FDD4016-2838-4BEA-93BF-0C18BF9122AA}"
EndProject
Project("{9A19103F-16F7-4668-BE54-9A1E7A4F7556}") = "Prep4", "csharp-prep\Prep4\Prep4.csproj", "{F71C241C-7CD5-4962-AD3F-346FD1DBE692}"
EndProject
Project("{9A19103F-16F7-4668-BE54-9A1E7A4F7556}") = "Prep5", "csharp-prep\Prep5\Prep5.csproj", "{71CED708-E9DA-4631-8977-8E1DF63D2130}"
EndProject
Project("{2150E333-8FDC-42A3-9474-1A3956D46DE8}") = "final", "final", "{DFB8B05C-A3E8-4531-95A2-E31703EC296F}"
EndProject
Project("{9A19103F-16F7-4668-BE54-9A1E7A4F7556}") = "FinalProject", "final\FinalProject\FinalProject.csproj", "{E2B68DDE-52D2-47AC-88BF-88D6FD09987F}"
EndProject
Project("{9A19103F-16F7-4668-BE54-9A1E7A4F7556}") = "Foundation1", "final\Foundation1\Foundation1.csproj", "{D6996FD1-1B64-424F-9150-D0751E453952}"
EndProject
Project("{9A19103F-16F7-4668-BE54-9A1E7A4F7556}") = "Foundation2", "final\Foundation2\Foundation2.csproj", "{891831CE-0E0C-4437-BA0F-8BF30DDA5A66}"
EndProject
Project("{9A19103F-16F7-4668-BE54-9A1E7A4F7556}") = "Foundation3", "final\Foundation3\Foundation3.csproj", "{99FC670F-B63C-4ED2-8812-9D8CCFF373AB}"
EndProject
Project("{9A19103F-16F7-4668-BE54-9A1E7A4F7556}") = "Foundation4", "final\Foundation4\Foundation4.csproj", "{1198DDC4-22D7-4488-89F0-EA3CB6796262}"
EndProject
Project("{2150E333-8FDC-42A3-9474-1A3956D46DE8}") = "prepare", "prepare", "{9D50F68E-0251-418E-9CF4-AA7DCAD0063B}"
EndProject
Project("{9A19103F-16F7-4668-BE54-9A1E7A4F7556}") = "Learning02", "prepare\Learning02\Learning02.csproj", "{04176CD3-0959-48DA-B502-AC6F2360F6E9}"
EndProject
Project("{9A19103F-16F7-4668-BE54-9A1E7A4F7556}") = "Learning03", "prepare\Learning03\Learning03.csproj", "{D4F22963-D93D-45BF-89EA-605C3782485F}"
EndProject
Project("{9A19103F-16F7-4668-BE54-9A1E7A4F7556}") = "Learning04", "prepare\Learning04\Learning04.csproj", "{7E41B66B-A70A-47E3-BE5C-FD8E2DF05D1C}"
EndProject
Project("{9A19103F-16F7-4668-BE54-9A1E7A4F7556}") = "Learning05", "prepare\Learning05\Learning05.csproj", "{1B9BEAEC-BD60-4227-9FB2-1E4BD9E3D45E}"
EndProject
Project("{2150E333-8FDC-42A3-9474-1A3956D46DE8}") = "prove", "prove", "{ACD867A2-4D13-4A2E-A647-F37D765421A6}"
EndProject
Project("{9A19103F-16F7-4668-BE54-9A1E7A4F7556}") = "Develop02", "prove\Develop02\Develop02.csproj", "{A8175164-B4DF-4104-BE8B-B48C459F6ED7}"
EndProject
Project("{9A19103F-16F7-4668-BE54-9A1E7A4F7556}") = "Develop03", "prove\Develop03\Develop03.csproj", "{EFFD6DA3-701A-4064-841A-7D53CC4B9FF5}"
EndProject
Project("{9A19103F-16F7-4668-BE54-9A1E7A4F7556}") = "Develop04", "prove\Develop04\Develop04.csproj", "{63292D0D-F820-44B7-8BE7-BB379876F76D}"
EndProject
Project("{9A19103F-16F7-4668-BE54-9A1E7A4F7556}") = "Develop05", "prove\Develop05\Develop05.csproj", "{3CEB4DD5-ED11-4EA5-917F-8B8F66BCCBC3}"
EndProject
Project("{2150E333-8FDC-42A3-9474-1A3956D46DE8}") = "sandbox", "sandbox", "{4417D488-9888-4DB9-A818-728687E13AD5}"
EndProject
Project("{9A19103F-16F7-4668-BE54-9A1E7A4F7556}") = "Sandbox", "sandbox\Sandbox\Sandbox.csproj", "{FFE32AA2-895B-4562-ABCB-4CAAED037A4F}"
EndProject
Global
	GlobalSection(SolutionConfigurationPlatforms) = preSolution
		Debug|Any CPU = Debug|Any CPU
		Release|Any CPU = Release|Any CPU
	EndGlobalSection
	GlobalSection(ProjectConfigurationPlatforms) = postSolution
		{B22A5825-179B-40C4-9C7D-4B357212F801}.Debug|Any CPU.ActiveCfg = Debug|Any CPU
		{B22A5825-179B-40C4-9C7D-4B357212F801}.Debug|Any CPU.Build.0 = Debug|Any CPU
		{B22A5825-179B-40C4-9C7D-4B357212F801}.Release|Any CPU.ActiveCfg = Release|Any CPU
		{B22A5825-179B-40C4-9C7D-4B357212F801}.Release|Any CPU.Build.0 = Release|Any CPU
		{27055F23-792E-4387-A857-CFA953274262}.Debug|Any CPU.ActiveCfg = Debug|Any CPU
		{27055F23-792E-4387-A857-CFA953274262}.Debug|Any CPU.Build.0 = Debug|Any CPU
		{27055F23-792E-4387-A857-CFA953274262}.Release|Any CPU.ActiveCfg = Release|Any CPU
		{27055F23-792E-4387-A857-CFA953274262}.Release|Any CPU.Build.0 = Release|Any CPU
		{8D44A277-8878-48D2-B13B-ACA7E38E4425}.Debug|Any CPU.ActiveCfg = Debug|Any CPU
		{8D44A277-8878-48D2-B13B-ACA7E38E4425}.Debug|Any CPU.Build.0 = Debug|Any CPU
		{8D44A277-8878-48D2-B13B-ACA7E38E4425}.Release|Any CPU.ActiveCfg = Release|Any CPU
		{8D44A277-8878-48D2-B13B-ACA7E38E4425}.Release|Any CPU.Build.0 = Release|Any CPU
		{5FDD4016-2838-4BEA-93BF-0C18BF9122AA}.Debug|Any CPU.ActiveCfg = Debug|Any CPU
		{5FDD4016-2838-4BEA-93BF-0C18BF9122AA}.Debug|Any CPU.Build.0 = Debug|Any CPU
		{5FDD4016-2838-4BEA-93BF-0C18BF9122AA}.Release|Any CPU.ActiveCfg = Release|Any CPU
		{5FDD4016-2838-4BEA-93BF-0C18BF9122AA}.Release|Any CPU.Build.0 = Release|Any CPU
		{F71C241C-7CD5-4962-AD3F-346FD1DBE692}.Debug|Any CPU.ActiveCfg = Debug|Any CPU
		{F71C241C-7CD5-4962-AD3F-346FD1DBE692}.Debug|Any CPU.Build.0 = Debug|Any CPU
		{F71C241C-7CD5-4962-AD3F-346FD1DBE692}.Release|Any CPU.ActiveCfg = Release|Any CPU
		{F71C241C-7CD5-4962-AD3F-346FD1DBE692}.Release|Any CPU.Build.0 = Release|Any CPU
		{71CED708-E9DA-4631-8977-8E1DF63D2130}.Debug|Any CPU.ActiveCfg = Debug|Any CPU
		{71CED708-E9DA-4631-8977-8E1DF63D2130}.Debug|Any CPU.Build.0 = Debug|Any CPU
		{71CED708-E9DA-4631-8977-8E1DF63D2130}.Release|Any CPU.ActiveCfg = Release|Any CPU
		{71CED708-E9DA-4631-8977-8E1DF63D2130}.Release|Any CPU.Build.0 = Release|Any CPU
		{E2B68DDE-52D2-47AC-88BF-88D6FD09987F}.Debug|Any CPU.ActiveCfg = Debug|Any CPU
		{E2B68DDE-52D2-47AC-88BF-88D6FD09987F}.Debug|Any CPU.Build.0 = Debug|Any CPU
		{E2B68DDE-52D2-47AC-88BF-88D6FD09987F}.Release|Any CPU.ActiveCfg = Release|Any CPU
		{E2B68DDE-52D2-47AC-88BF-88D6FD09987F}.Release|Any CPU.Build.0 = Release|Any CPU
		{D6996FD1-1B64-424F-9150-D0751E453952}.Debug|Any CPU.ActiveCfg = Debug|Any CPU
		{D6996FD1-1B64-424F-9150-D0751E453952}.Debug|Any CPU.Build.0 = Debug|Any CPU
		{D6996FD1-1B64-424F-9150-D0751E453952}.Release|Any CPU.ActiveCfg = Release|Any CPU
		{D6996FD1-1B64-424F-9150-D0751E453952}.Release|Any CPU.Build.0 = Release|Any CPU
		{891831CE-0E0C-4437-BA0F-8BF30DDA5A66}.Debug|Any CPU.ActiveCfg = Debug|Any CPU
		{891831CE-0E0C-4437-BA0F-8BF30DDA5A66}.Debug|Any CPU.Build.0 = Debug|Any CPU
		{891831CE-0E0C-4437-BA0F-8BF30DDA5A66}.Release|Any CPU.ActiveCfg = Release|Any CPU
		{891831CE-0E0C-4437-BA0F-8BF30DDA5A66}.Release|Any CPU.Build.0 = Release|Any CPU
		{99FC670F-B63C-4ED2-8812-9D8CCFF373AB}.Debug|Any CPU.ActiveCfg = Debug|Any CPU
		{99FC670F-B63C-4ED2-8812-9D8CCFF373AB}.Debug|Any CPU.Build.0 = Debug|Any CPU
		{99FC670F-B63C-4ED2-8812-9D8CCFF373AB}.Release|Any CPU.ActiveCfg = Release|Any CPU
		{99FC670F-B63C-4ED2-8812-9D8CCFF373AB}.Release|Any CPU.Build.0 = Release|Any CPU
		{1198DDC4-22D7-4488-89F0-EA3CB6796262}.Debug|Any CPU.ActiveCfg = Debug|Any CPU
		{1198DDC4-22D7-4488-89F0-EA3CB6796262}.Debug|Any CPU.Build.0 = Debug|Any CPU
		{1198DDC4-22D7-4488-89F0-EA3CB6796262}.Release|Any CPU.ActiveCfg = Release|Any CPU
		{1198DDC4-22D7-4488-89F0-EA3CB6796262}.Release|Any CPU.Build.0 = Release|Any CPU
		{04176CD3-0959-48DA-B502-AC6F2360F6E9}.Debug|Any CPU.ActiveCfg = Debug|Any CPU
		{04176CD3-0959-48DA-B502-AC6F2360F6E9}.Debug|Any CPU.Build.0 = Debug|Any CPU
		{04176CD3-0959-48DA-B502-AC6F2360F6E9}.Release|Any CPU.ActiveCfg = Release|Any CPU
		{04176CD3-0959-48DA-B502-AC6F2360F6E9}.Release|Any CPU.Build.0 = Release|Any CPU
		{D4F22963-D93D-45BF-89EA-605C3782485F}.Debug|Any CPU.ActiveCfg = Debug|Any CPU
		{D4F22963-D93D-45BF-89EA-605C3782485F}.Debug|Any CPU.Build.0 = Debug|Any CPU
		{D4F22963-D93D-45BF-89EA-605C3782485F}.Release|Any CPU.ActiveCfg = Release|Any CPU
		{D4F22963-D93D-45BF-89EA-605C3782485F}.Release|Any CPU.Build.0 = Release|Any CPU
		{7E41B66B-A70A-47E3-BE5C-FD8E2DF05D1C}.Debug|Any CPU.ActiveCfg = Debug|Any CPU
		{7E41B66B-A70A-47E3-BE5C-FD8E2DF05D1C}.Debug|Any CPU.Build.0 = Debug|Any CPU
		{7E41B66B-A70A-47E3-BE5C-FD8E2DF05D1C}.Release|Any CPU.ActiveCfg = Release|Any CPU
		{7E41B66B-A70A-47E3-BE5C-FD8E2DF05D1C}.Release|Any CPU.Build.0 = Release|Any CPU
		{1B9BEAEC-BD60-4227-9FB2-1E4BD9E3D45E}.Debug|Any CPU.ActiveCfg = Debug|Any CPU
		{1B9BEAEC-BD60-4227-9FB2-1E4BD9E3D45E}.Debug|Any CPU.Build.0 = Debug|Any CPU
		{1B9BEAEC-BD60-4227-9FB2-1E4BD9E3D45E}.Release|Any CPU.ActiveCfg = Release|Any CPU
		{1B9BEAEC-BD60-4227-9FB2-1E4BD9E3D45E}.Release|Any CPU.Build.0 = Release|Any CPU
		{A8175164-B4DF-4104-BE8B-B48C459F6ED7}.Debug|Any CPU.ActiveCfg = Debug|Any CPU
		{A8175164-B4DF-4104-BE8B-B48C459F6ED7}.Debug|Any CPU.Build.0 = Debug|Any CPU
		{A8175164-B4DF-4104-BE8B-B48C459F6ED7}.Release|Any CPU.ActiveCfg = Release|Any CPU
		{A8175164-B4DF-4104-BE8B-B48C459F6ED7}.Release|Any CPU.Build.0 = Release|Any CPU
		{EFFD6DA3-701A-4064-841A-7D53CC4B9FF5}.Debug|Any CPU.ActiveCfg = Debug|Any CPU
		{EFFD6DA3-701A-4064-841A-7D53CC4B9FF5}.Debug|Any CPU.Build.0 = Debug|Any CPU
		{EFFD6DA3-701A-4064-841A-7D53CC4B9FF5}.Release|Any CPU.ActiveCfg = Release|Any CPU
		{EFFD6DA3-701A-4064-841A-7D53CC4B9FF5}.Release|Any CPU.Build.0 = Release|Any CPU
		{63292D0D-F820-44B7-8BE7-BB379876F76D}.Debug|Any CPU.ActiveCfg = Debug|Any CPU
		{63292D0D-F820-44B7-8BE7-BB379876F76D}.Debug|Any CPU.Build.0 = Debug|Any CPU
		{63292D0D-F820-44B7-8BE7-BB379876F76D}.Release|Any CPU.ActiveCfg = Release|Any CPU
		{63292D0D-F820-44B7-8BE7-BB379876F76D}.Release|Any CPU.Build.0 = Release|Any CPU
		{3CEB4DD5-ED11-4EA5-917F-8B8F66BCCBC3}.Debug|Any CPU.ActiveCfg = Debug|Any CPU
		{3CEB4DD5-ED11-4EA5-917F-8B8F66BCCBC3}.Debug|Any CPU.Build.0 = Debug|Any CPU
		{3CEB4DD5-ED11-4EA5-917F-8B8F66BCCBC3}.Release|Any CPU.ActiveCfg = Release|Any CPU
		{3CEB4DD5-ED11-4EA5-917F-8B8F66BCCBC3}.Release|Any CPU.Build.0 = Release|Any CPU
		{FFE32AA2-895B-4562-ABCB-4CAAED037A4F}.Debug|Any CPU.ActiveCfg = Debug|Any CPU
		{FFE32AA2-895B-4562-ABCB-4CAAED037A4F}.Debug|Any CPU.Build.0 = Debug|Any CPU
		{FFE32AA2-895B-4562-ABCB-4CAAED037A4F}.Release|Any CPU.ActiveCfg = Release|Any CPU
		{FFE32AA2-895B-4562-ABCB-4CAAED037A4F}.Release|Any CPU.Build.0 = Release|Any CPU
	EndGlobalSection
	GlobalSection(SolutionProperties) = preSolution
		HideSolutionNode = FALSE
	EndGlobalSection
	GlobalSection(NestedProjects) = preSolution
		{27055F23-792E-4387-A857-CFA953274262} = {E71D2A3B-6FA6-4DF2-9AA5-26A0B7A9EA06}
		{8D44A277-8878-48D2-B13B-ACA7E38E4425} = {E71D2A3B-6FA6-4DF2-9AA5-26A0B7A9EA06}
		{5FDD4016-2838-4BEA-93BF-0C18BF9122AA} = {E71D2A3B-6FA6-4DF2-9AA5-26A0B7A9EA06}
		{F71C241C-7CD5-4962-AD3F-346FD1DBE692} = {E71D2A3B-6FA6-4DF2-9AA5-26A0B7A9EA06}
		{71CED708-E9DA-4631-8977-8E1DF63D2130} = {E71D2A3B-6FA6-4DF2-9AA5-26A0B7A9EA06}
		{E2B68DDE-52D2-47AC-88BF-88D6FD09987F} = {DFB8B05C-A3E8-4531-95A2-E31703EC296F}
		{D6996FD1-1B64-424F-9150-D0751E453952} = {DFB8B05C-A3E8-4531-95A2-E31703EC296F}
		{891831CE-0E0C-4437-BA0F-8BF30DDA5A66} = {DFB8B05C-A3E8-4531-95A2-E31703EC296F}
		{99FC670F-B63C-4ED2-8812-9D8CCFF373AB} = {DFB8B05C-A3E8-4531-95A2-E31703EC296F}
		{1198DDC4-22D7-4488-89F0-EA3CB6796262} = {DFB8B05C-A3E8-4531-95A2-E31703EC296F}
		{04176CD3-0959-48DA-B502-AC6F2360F6E9} = {9D50F68E-0251-418E-9CF4-AA7DCAD0063B}
		{D4F22963-D93D-45BF-89EA-605C3782485F} = {9D50F68E-0251-418E-9CF4-AA7DCAD0063B}
		{7E41B66B-A70A-47E3-BE5C-FD8E2DF05D1C} = {9D50F68E-0251-418E-9CF4-AA7DCAD0063B}
		{1B9BEAEC-BD60-4227-9FB2-1E4BD9E3D45E} = {9D50F68E-0251-418E-9CF4-AA7DCAD0063B}
		{A8175164-B4DF-4104-BE8B-B48C459F6ED7} = {ACD867A2-4D13-4A2E-A647-F37D765421A6}
		{EFFD6DA3-701A-4064-841A-7D53CC4B9FF5} = {ACD867A2-4D13-4A2E-A647-F37D765421A6}
		{63292D0D-F820-44B7-8BE7-BB379876F76D} = {ACD867A2-4D13-4A2E-A647-F37D765421A6}
		{3CEB4DD5-ED11-4EA5-917F-8B8F66BCCBC3} = {ACD867A2-4D13-4A2E-A647-F37D765421A6}
		{FFE32AA2-895B-4562-ABCB-4CAAED037A4F} = {4417D488-9888-4DB9-A818-728687E13AD5}
	EndGlobalSection
	GlobalSection(ExtensibilityGlobals) = postSolution
		SolutionGuid = {2A152796-64F9-4CDA-80E6-EDCCF2CC92B1}
	EndGlobalSection
EndGlobal
